<Solution>
  <Folder Name="/src/">
    <Project Path="src/Diamono.Domain/Diamono.Domain.csproj" />
    <Project Path="src/Diamono.Application/Diamono.Application.csproj" />
    <Project Path="src/Diamono.Infrastructure/Diamono.Infrastructure.csproj" />
    <Project Path="src/Diamono.Web/Diamono.Web.csproj" />
  </Folder>
  <Folder Name="/tests/">
    <Project Path="tests/Diamono.Domain.Tests/Diamono.Domain.Tests.csproj" />
    <Project Path="tests/Diamono.Application.Tests/Diamono.Application.Tests.csproj" />
  </Folder>
</Solution>
